
Microsoft Visual Studio Solution File, Format Version 12.00
# Visual Studio Version 17
VisualStudioVersion = 17.14.36121.58 d17.14
MinimumVisualStudioVersion = 10.0.40219.1
Project("{FAE04EC0-301F-11D3-BF4B-00C04F79EFBC}") = "Task1", "Main\Task1.csproj", "{18615292-F0F3-4CD4-BA98-26149EC66572}"
EndProject
Project("{FAE04EC0-301F-11D3-BF4B-00C04F79EFBC}") = "Task2", "Task2\Task2.csproj", "{C219940E-65DD-4D75-B8A1-D33D30FD051F}"
EndProject
Project("{FAE04EC0-301F-11D3-BF4B-00C04F79EFBC}") = "Taks3", "Taks3\Taks3.csproj", "{B2104EB3-567E-4DED-9BC3-67FAF4A4F379}"
EndProject
Project("{FAE04EC0-301F-11D3-BF4B-00C04F79EFBC}") = "Task_4", "Task_4\Task_4.csproj", "{603892B8-5F22-4562-9C46-20036B26E5A1}"
EndProject
Project("{FAE04EC0-301F-11D3-BF4B-00C04F79EFBC}") = "Task 5-6", "Task 5-6\Task 5-6.csproj", "{A2B290F6-2002-4F1B-B837-C900D89AF7AF}"
EndProject
Global
	GlobalSection(SolutionConfigurationPlatforms) = preSolution
		Debug|Any CPU = Debug|Any CPU
		Release|Any CPU = Release|Any CPU
	EndGlobalSection
	GlobalSection(ProjectConfigurationPlatforms) = postSolution
		{18615292-F0F3-4CD4-BA98-26149EC66572}.Debug|Any CPU.ActiveCfg = Debug|Any CPU
		{18615292-F0F3-4CD4-BA98-26149EC66572}.Debug|Any CPU.Build.0 = Debug|Any CPU
		{18615292-F0F3-4CD4-BA98-26149EC66572}.Release|Any CPU.ActiveCfg = Release|Any CPU
		{18615292-F0F3-4CD4-BA98-26149EC66572}.Release|Any CPU.Build.0 = Release|Any CPU
		{C219940E-65DD-4D75-B8A1-D33D30FD051F}.Debug|Any CPU.ActiveCfg = Debug|Any CPU
		{C219940E-65DD-4D75-B8A1-D33D30FD051F}.Debug|Any CPU.Build.0 = Debug|Any CPU
		{C219940E-65DD-4D75-B8A1-D33D30FD051F}.Release|Any CPU.ActiveCfg = Release|Any CPU
		{C219940E-65DD-4D75-B8A1-D33D30FD051F}.Release|Any CPU.Build.0 = Release|Any CPU
		{B2104EB3-567E-4DED-9BC3-67FAF4A4F379}.Debug|Any CPU.ActiveCfg = Debug|Any CPU
		{B2104EB3-567E-4DED-9BC3-67FAF4A4F379}.Debug|Any CPU.Build.0 = Debug|Any CPU
		{B2104EB3-567E-4DED-9BC3-67FAF4A4F379}.Release|Any CPU.ActiveCfg = Release|Any CPU
		{B2104EB3-567E-4DED-9BC3-67FAF4A4F379}.Release|Any CPU.Build.0 = Release|Any CPU
		{603892B8-5F22-4562-9C46-20036B26E5A1}.Debug|Any CPU.ActiveCfg = Debug|Any CPU
		{603892B8-5F22-4562-9C46-20036B26E5A1}.Debug|Any CPU.Build.0 = Debug|Any CPU
		{603892B8-5F22-4562-9C46-20036B26E5A1}.Release|Any CPU.ActiveCfg = Release|Any CPU
		{603892B8-5F22-4562-9C46-20036B26E5A1}.Release|Any CPU.Build.0 = Release|Any CPU
		{A2B290F6-2002-4F1B-B837-C900D89AF7AF}.Debug|Any CPU.ActiveCfg = Debug|Any CPU
		{A2B290F6-2002-4F1B-B837-C900D89AF7AF}.Debug|Any CPU.Build.0 = Debug|Any CPU
		{A2B290F6-2002-4F1B-B837-C900D89AF7AF}.Release|Any CPU.ActiveCfg = Release|Any CPU
		{A2B290F6-2002-4F1B-B837-C900D89AF7AF}.Release|Any CPU.Build.0 = Release|Any CPU
	EndGlobalSection
	GlobalSection(SolutionProperties) = preSolution
		HideSolutionNode = FALSE
	EndGlobalSection
	GlobalSection(ExtensibilityGlobals) = postSolution
		SolutionGuid = {6794C9DB-AA19-4FF0-B92B-01182A0B445D}
	EndGlobalSection
EndGlobal
